dependencies:
- name: helm-product
  repository: oci://ghcr.io/onecx/charts
  version: 0.4.0
- name: onecx-chat-svc
  repository: oci://ghcr.io/onecx-apps/charts
  version: 0.0.0-rc.26
- name: onecx-chat-bff
  repository: oci://ghcr.io/onecx-apps/charts
  version: 0.0.0-rc.9
- name: onecx-chat-ui
  repository: oci://ghcr.io/onecx-apps/charts
  version: 0.0.0-rc.26
digest: sha256:547890f0df209466ee8be778bf29e9d7feb5a7d6f86084c822cb710f55eec72f
generated: "2026-01-19T14:18:38.373218215Z"
