dependencies:
- name: helm-product
  repository: oci://ghcr.io/onecx/charts
  version: 0.4.0
- name: onecx-chat-svc
  repository: oci://ghcr.io/onecx-apps/charts
  version: 0.0.0-rc.26
- name: onecx-chat-bff
  repository: oci://ghcr.io/onecx-apps/charts
  version: 0.0.0-rc.9
- name: onecx-chat-ui
  repository: oci://ghcr.io/onecx-apps/charts
  version: 0.0.0-rc.24
digest: sha256:a8321ba8b323e31d89749635b268794b5d317881e20e9e89ab61c35a3bcf1dd4
generated: "2026-01-15T12:05:04.738491493Z"
