dependencies:
- name: helm-product
  repository: oci://ghcr.io/onecx/charts
  version: 0.2.0
- name: onecx-chat-svc
  repository: oci://ghcr.io/onecx-apps/charts
  version: 0.0.0-rc.25
- name: onecx-chat-bff
  repository: oci://ghcr.io/onecx-apps/charts
  version: 0.0.0-rc.7
- name: onecx-chat-ui
  repository: oci://ghcr.io/onecx-apps/charts
  version: 0.0.0-rc.19
digest: sha256:4999a9905a4f3ab7a4efadd6ddcd746b88aaf8f0d05332948f5a5fb05eccdba3
generated: "2025-02-06T09:59:37.250922528Z"
